
Microsoft Visual Studio Solution File, Format Version 12.00
# Visual Studio Version 17
VisualStudioVersion = 17.0.31903.59
MinimumVisualStudioVersion = 10.0.40219.1
Project("{2150E333-8FDC-42A3-9474-1A3956D46DE8}") = "src", "src", "{B4930E56-1395-46E6-95D5-22A9F325DA61}"
EndProject
Project("{FAE04EC0-301F-11D3-BF4B-00C04F79EFBC}") = "Core.Application", "src\Core.Application\Core.Application.csproj", "{59BA0F84-44F7-49DD-96EA-D1003B6CC0AE}"
EndProject
Project("{FAE04EC0-301F-11D3-BF4B-00C04F79EFBC}") = "Core.Domain", "src\Core.Domain\Core.Domain.csproj", "{096E4A9F-DD47-4425-A742-1849D5C7F938}"
EndProject
Project("{FAE04EC0-301F-11D3-BF4B-00C04F79EFBC}") = "Infrastructure.Data", "src\Infrastructure.Data\Infrastructure.Data.csproj", "{9310399E-9FF3-45F7-BAF6-FE94D6289AE4}"
EndProject
Project("{FAE04EC0-301F-11D3-BF4B-00C04F79EFBC}") = "Infrastructure.Identity", "src\Infrastructure.Identity\Infrastructure.Identity.csproj", "{BB8FEC56-D53D-47E3-A5B5-D94DD701127C}"
EndProject
Project("{FAE04EC0-301F-11D3-BF4B-00C04F79EFBC}") = "Infrastructure.Search", "src\Infrastructure.Search\Infrastructure.Search.csproj", "{0EBF7A72-8784-4FE2-9EAC-1AEBCCED8D63}"
EndProject
Project("{FAE04EC0-301F-11D3-BF4B-00C04F79EFBC}") = "Infrastructure.Storage", "src\Infrastructure.Storage\Infrastructure.Storage.csproj", "{D0500B23-CE7E-42FD-AF4B-71C9798DB277}"
EndProject
Project("{FAE04EC0-301F-11D3-BF4B-00C04F79EFBC}") = "Shared.Contracts", "src\Shared.Contracts\Shared.Contracts.csproj", "{91060647-915B-4673-BEC6-56B0D9E0ABF2}"
EndProject
Project("{FAE04EC0-301F-11D3-BF4B-00C04F79EFBC}") = "Web.Account", "src\Web.Account\Web.Account.csproj", "{7E5EA1D4-CAF2-430F-B72F-F14F2F8E979C}"
EndProject
Project("{FAE04EC0-301F-11D3-BF4B-00C04F79EFBC}") = "Web.Admin", "src\Web.Admin\Web.Admin.csproj", "{923A44B2-A512-477D-8C07-E1D74838377D}"
EndProject
Project("{FAE04EC0-301F-11D3-BF4B-00C04F79EFBC}") = "Web.Dashboard", "src\Web.Dashboard\Web.Dashboard.csproj", "{06D0D599-F069-401A-B637-88DB52530CF2}"
EndProject
Project("{FAE04EC0-301F-11D3-BF4B-00C04F79EFBC}") = "Web.SoHoa", "src\Web.SoHoa\Web.SoHoa.csproj", "{45EAE7B4-740E-493B-A2A6-130325CD0EEF}"
EndProject
Project("{FAE04EC0-301F-11D3-BF4B-00C04F79EFBC}") = "Web.Uploader", "src\Web.Uploader\Web.Uploader.csproj", "{95961283-405D-4913-A463-5060AD0E9C90}"
EndProject
Project("{FAE04EC0-301F-11D3-BF4B-00C04F79EFBC}") = "Service.Export", "src\Service.Export\Service.Export.csproj", "{BFB448E0-0091-4CB7-A616-74A9B7578A26}"
EndProject
Global
	GlobalSection(SolutionConfigurationPlatforms) = preSolution
		Debug|Any CPU = Debug|Any CPU
		Release|Any CPU = Release|Any CPU
	EndGlobalSection
	GlobalSection(SolutionProperties) = preSolution
		HideSolutionNode = FALSE
	EndGlobalSection
	GlobalSection(ProjectConfigurationPlatforms) = postSolution
		{59BA0F84-44F7-49DD-96EA-D1003B6CC0AE}.Debug|Any CPU.ActiveCfg = Debug|Any CPU
		{59BA0F84-44F7-49DD-96EA-D1003B6CC0AE}.Debug|Any CPU.Build.0 = Debug|Any CPU
		{59BA0F84-44F7-49DD-96EA-D1003B6CC0AE}.Release|Any CPU.ActiveCfg = Release|Any CPU
		{59BA0F84-44F7-49DD-96EA-D1003B6CC0AE}.Release|Any CPU.Build.0 = Release|Any CPU
		{096E4A9F-DD47-4425-A742-1849D5C7F938}.Debug|Any CPU.ActiveCfg = Debug|Any CPU
		{096E4A9F-DD47-4425-A742-1849D5C7F938}.Debug|Any CPU.Build.0 = Debug|Any CPU
		{096E4A9F-DD47-4425-A742-1849D5C7F938}.Release|Any CPU.ActiveCfg = Release|Any CPU
		{096E4A9F-DD47-4425-A742-1849D5C7F938}.Release|Any CPU.Build.0 = Release|Any CPU
		{9310399E-9FF3-45F7-BAF6-FE94D6289AE4}.Debug|Any CPU.ActiveCfg = Debug|Any CPU
		{9310399E-9FF3-45F7-BAF6-FE94D6289AE4}.Debug|Any CPU.Build.0 = Debug|Any CPU
		{9310399E-9FF3-45F7-BAF6-FE94D6289AE4}.Release|Any CPU.ActiveCfg = Release|Any CPU
		{9310399E-9FF3-45F7-BAF6-FE94D6289AE4}.Release|Any CPU.Build.0 = Release|Any CPU
		{BB8FEC56-D53D-47E3-A5B5-D94DD701127C}.Debug|Any CPU.ActiveCfg = Debug|Any CPU
		{BB8FEC56-D53D-47E3-A5B5-D94DD701127C}.Debug|Any CPU.Build.0 = Debug|Any CPU
		{BB8FEC56-D53D-47E3-A5B5-D94DD701127C}.Release|Any CPU.ActiveCfg = Release|Any CPU
		{BB8FEC56-D53D-47E3-A5B5-D94DD701127C}.Release|Any CPU.Build.0 = Release|Any CPU
		{0EBF7A72-8784-4FE2-9EAC-1AEBCCED8D63}.Debug|Any CPU.ActiveCfg = Debug|Any CPU
		{0EBF7A72-8784-4FE2-9EAC-1AEBCCED8D63}.Debug|Any CPU.Build.0 = Debug|Any CPU
		{0EBF7A72-8784-4FE2-9EAC-1AEBCCED8D63}.Release|Any CPU.ActiveCfg = Release|Any CPU
		{0EBF7A72-8784-4FE2-9EAC-1AEBCCED8D63}.Release|Any CPU.Build.0 = Release|Any CPU
		{D0500B23-CE7E-42FD-AF4B-71C9798DB277}.Debug|Any CPU.ActiveCfg = Debug|Any CPU
		{D0500B23-CE7E-42FD-AF4B-71C9798DB277}.Debug|Any CPU.Build.0 = Debug|Any CPU
		{D0500B23-CE7E-42FD-AF4B-71C9798DB277}.Release|Any CPU.ActiveCfg = Release|Any CPU
		{D0500B23-CE7E-42FD-AF4B-71C9798DB277}.Release|Any CPU.Build.0 = Release|Any CPU
		{91060647-915B-4673-BEC6-56B0D9E0ABF2}.Debug|Any CPU.ActiveCfg = Debug|Any CPU
		{91060647-915B-4673-BEC6-56B0D9E0ABF2}.Debug|Any CPU.Build.0 = Debug|Any CPU
		{91060647-915B-4673-BEC6-56B0D9E0ABF2}.Release|Any CPU.ActiveCfg = Release|Any CPU
		{91060647-915B-4673-BEC6-56B0D9E0ABF2}.Release|Any CPU.Build.0 = Release|Any CPU
		{7E5EA1D4-CAF2-430F-B72F-F14F2F8E979C}.Debug|Any CPU.ActiveCfg = Debug|Any CPU
		{7E5EA1D4-CAF2-430F-B72F-F14F2F8E979C}.Debug|Any CPU.Build.0 = Debug|Any CPU
		{7E5EA1D4-CAF2-430F-B72F-F14F2F8E979C}.Release|Any CPU.ActiveCfg = Release|Any CPU
		{7E5EA1D4-CAF2-430F-B72F-F14F2F8E979C}.Release|Any CPU.Build.0 = Release|Any CPU
		{923A44B2-A512-477D-8C07-E1D74838377D}.Debug|Any CPU.ActiveCfg = Debug|Any CPU
		{923A44B2-A512-477D-8C07-E1D74838377D}.Debug|Any CPU.Build.0 = Debug|Any CPU
		{923A44B2-A512-477D-8C07-E1D74838377D}.Release|Any CPU.ActiveCfg = Release|Any CPU
		{923A44B2-A512-477D-8C07-E1D74838377D}.Release|Any CPU.Build.0 = Release|Any CPU
		{06D0D599-F069-401A-B637-88DB52530CF2}.Debug|Any CPU.ActiveCfg = Debug|Any CPU
		{06D0D599-F069-401A-B637-88DB52530CF2}.Debug|Any CPU.Build.0 = Debug|Any CPU
		{06D0D599-F069-401A-B637-88DB52530CF2}.Release|Any CPU.ActiveCfg = Release|Any CPU
		{06D0D599-F069-401A-B637-88DB52530CF2}.Release|Any CPU.Build.0 = Release|Any CPU
		{45EAE7B4-740E-493B-A2A6-130325CD0EEF}.Debug|Any CPU.ActiveCfg = Debug|Any CPU
		{45EAE7B4-740E-493B-A2A6-130325CD0EEF}.Debug|Any CPU.Build.0 = Debug|Any CPU
		{45EAE7B4-740E-493B-A2A6-130325CD0EEF}.Release|Any CPU.ActiveCfg = Release|Any CPU
		{45EAE7B4-740E-493B-A2A6-130325CD0EEF}.Release|Any CPU.Build.0 = Release|Any CPU
		{95961283-405D-4913-A463-5060AD0E9C90}.Debug|Any CPU.ActiveCfg = Debug|Any CPU
		{95961283-405D-4913-A463-5060AD0E9C90}.Debug|Any CPU.Build.0 = Debug|Any CPU
		{95961283-405D-4913-A463-5060AD0E9C90}.Release|Any CPU.ActiveCfg = Release|Any CPU
		{95961283-405D-4913-A463-5060AD0E9C90}.Release|Any CPU.Build.0 = Release|Any CPU
		{BFB448E0-0091-4CB7-A616-74A9B7578A26}.Debug|Any CPU.ActiveCfg = Debug|Any CPU
		{BFB448E0-0091-4CB7-A616-74A9B7578A26}.Debug|Any CPU.Build.0 = Debug|Any CPU
		{BFB448E0-0091-4CB7-A616-74A9B7578A26}.Release|Any CPU.ActiveCfg = Release|Any CPU
		{BFB448E0-0091-4CB7-A616-74A9B7578A26}.Release|Any CPU.Build.0 = Release|Any CPU
	EndGlobalSection
	GlobalSection(NestedProjects) = preSolution
		{59BA0F84-44F7-49DD-96EA-D1003B6CC0AE} = {B4930E56-1395-46E6-95D5-22A9F325DA61}
		{096E4A9F-DD47-4425-A742-1849D5C7F938} = {B4930E56-1395-46E6-95D5-22A9F325DA61}
		{9310399E-9FF3-45F7-BAF6-FE94D6289AE4} = {B4930E56-1395-46E6-95D5-22A9F325DA61}
		{BB8FEC56-D53D-47E3-A5B5-D94DD701127C} = {B4930E56-1395-46E6-95D5-22A9F325DA61}
		{0EBF7A72-8784-4FE2-9EAC-1AEBCCED8D63} = {B4930E56-1395-46E6-95D5-22A9F325DA61}
		{D0500B23-CE7E-42FD-AF4B-71C9798DB277} = {B4930E56-1395-46E6-95D5-22A9F325DA61}
		{91060647-915B-4673-BEC6-56B0D9E0ABF2} = {B4930E56-1395-46E6-95D5-22A9F325DA61}
		{7E5EA1D4-CAF2-430F-B72F-F14F2F8E979C} = {B4930E56-1395-46E6-95D5-22A9F325DA61}
		{923A44B2-A512-477D-8C07-E1D74838377D} = {B4930E56-1395-46E6-95D5-22A9F325DA61}
		{06D0D599-F069-401A-B637-88DB52530CF2} = {B4930E56-1395-46E6-95D5-22A9F325DA61}
		{45EAE7B4-740E-493B-A2A6-130325CD0EEF} = {B4930E56-1395-46E6-95D5-22A9F325DA61}
		{95961283-405D-4913-A463-5060AD0E9C90} = {B4930E56-1395-46E6-95D5-22A9F325DA61}
		{BFB448E0-0091-4CB7-A616-74A9B7578A26} = {B4930E56-1395-46E6-95D5-22A9F325DA61}
	EndGlobalSection
EndGlobal
